// !$*UTF8*$!
{
	archiveVersion = 1;
	classes = {
	};
	objectVersion = 46;
	objects = {

/* Begin PBXBuildFile section */
		2F4AF5FB218E0B4000FA94BB /* AppDelegate.swift in Sources */ = {isa = PBXBuildFile; fileRef = 2F4AF5FA218E0B4000FA94BB /* AppDelegate.swift */; };
		2F4AF600218E0B4000FA94BB /* Main.storyboard in Resources */ = {isa = PBXBuildFile; fileRef = 2F4AF5FE218E0B4000FA94BB /* Main.storyboard */; };
		2F4AF603218E0B4000FA94BB /* ContatosIP67.xcdatamodeld in Sources */ = {isa = PBXBuildFile; fileRef = 2F4AF601218E0B4000FA94BB /* ContatosIP67.xcdatamodeld */; };
		2F4AF605218E0B4000FA94BB /* Assets.xcassets in Resources */ = {isa = PBXBuildFile; fileRef = 2F4AF604218E0B4000FA94BB /* Assets.xcassets */; };
		2F4AF608218E0B4000FA94BB /* LaunchScreen.storyboard in Resources */ = {isa = PBXBuildFile; fileRef = 2F4AF606218E0B4000FA94BB /* LaunchScreen.storyboard */; };
		2F4AF610218E184300FA94BB /* FormularioContatoViewController.swift in Sources */ = {isa = PBXBuildFile; fileRef = 2F4AF60F218E184300FA94BB /* FormularioContatoViewController.swift */; };
		2F4AF616218E23C600FA94BB /* Contato.m in Sources */ = {isa = PBXBuildFile; fileRef = 2F4AF615218E23C600FA94BB /* Contato.m */; };
		2F4AF61B218E2D1200FA94BB /* ContatoDAO.swift in Sources */ = {isa = PBXBuildFile; fileRef = 2F4AF61A218E2D1200FA94BB /* ContatoDAO.swift */; };
		D23F081821A0394100DF9D9F /* ListaContatosViewController.swift in Sources */ = {isa = PBXBuildFile; fileRef = D23F081721A0394100DF9D9F /* ListaContatosViewController.swift */; };
		D23F085421A0868700DF9D9F /* FormularioContatoViewControllerDelegate.swift in Sources */ = {isa = PBXBuildFile; fileRef = D23F085321A0868700DF9D9F /* FormularioContatoViewControllerDelegate.swift */; };
/* End PBXBuildFile section */

/* Begin PBXFileReference section */
		2F4AF5F7218E0B4000FA94BB /* ContatosIP67.app */ = {isa = PBXFileReference; explicitFileType = wrapper.application; includeInIndex = 0; path = ContatosIP67.app; sourceTree = BUILT_PRODUCTS_DIR; };
		2F4AF5FA218E0B4000FA94BB /* AppDelegate.swift */ = {isa = PBXFileReference; lastKnownFileType = sourcecode.swift; path = AppDelegate.swift; sourceTree = "<group>"; };
		2F4AF5FF218E0B4000FA94BB /* Base */ = {isa = PBXFileReference; lastKnownFileType = file.storyboard; name = Base; path = Base.lproj/Main.storyboard; sourceTree = "<group>"; };
		2F4AF602218E0B4000FA94BB /* ContatosIP67.xcdatamodel */ = {isa = PBXFileReference; lastKnownFileType = wrapper.xcdatamodel; path = ContatosIP67.xcdatamodel; sourceTree = "<group>"; };
		2F4AF604218E0B4000FA94BB /* Assets.xcassets */ = {isa = PBXFileReference; lastKnownFileType = folder.assetcatalog; path = Assets.xcassets; sourceTree = "<group>"; };
		2F4AF607218E0B4000FA94BB /* Base */ = {isa = PBXFileReference; lastKnownFileType = file.storyboard; name = Base; path = Base.lproj/LaunchScreen.storyboard; sourceTree = "<group>"; };
		2F4AF609218E0B4000FA94BB /* Info.plist */ = {isa = PBXFileReference; lastKnownFileType = text.plist.xml; path = Info.plist; sourceTree = "<group>"; };
		2F4AF60F218E184300FA94BB /* FormularioContatoViewController.swift */ = {isa = PBXFileReference; fileEncoding = 4; lastKnownFileType = sourcecode.swift; path = FormularioContatoViewController.swift; sourceTree = "<group>"; };
		2F4AF613218E23C600FA94BB /* ContatosIP67-Bridging-Header.h */ = {isa = PBXFileReference; lastKnownFileType = sourcecode.c.h; path = "ContatosIP67-Bridging-Header.h"; sourceTree = "<group>"; };
		2F4AF614218E23C600FA94BB /* Contato.h */ = {isa = PBXFileReference; fileEncoding = 4; lastKnownFileType = sourcecode.c.h; path = Contato.h; sourceTree = "<group>"; };
		2F4AF615218E23C600FA94BB /* Contato.m */ = {isa = PBXFileReference; fileEncoding = 4; lastKnownFileType = sourcecode.c.objc; path = Contato.m; sourceTree = "<group>"; };
		2F4AF61A218E2D1200FA94BB /* ContatoDAO.swift */ = {isa = PBXFileReference; fileEncoding = 4; lastKnownFileType = sourcecode.swift; path = ContatoDAO.swift; sourceTree = "<group>"; };
		D23F081721A0394100DF9D9F /* ListaContatosViewController.swift */ = {isa = PBXFileReference; fileEncoding = 4; lastKnownFileType = sourcecode.swift; path = ListaContatosViewController.swift; sourceTree = "<group>"; };
		D23F085321A0868700DF9D9F /* FormularioContatoViewControllerDelegate.swift */ = {isa = PBXFileReference; fileEncoding = 4; lastKnownFileType = sourcecode.swift; path = FormularioContatoViewControllerDelegate.swift; sourceTree = "<group>"; };
/* End PBXFileReference section */

/* Begin PBXFrameworksBuildPhase section */
		2F4AF5F4218E0B4000FA94BB /* Frameworks */ = {
			isa = PBXFrameworksBuildPhase;
			buildActionMask = 2147483647;
			files = (
			);
			runOnlyForDeploymentPostprocessing = 0;
		};
/* End PBXFrameworksBuildPhase section */

/* Begin PBXGroup section */
		2F4AF5EE218E0B4000FA94BB = {
			isa = PBXGroup;
			children = (
				2F4AF61A218E2D1200FA94BB /* ContatoDAO.swift */,
				2F4AF614218E23C600FA94BB /* Contato.h */,
				2F4AF615218E23C600FA94BB /* Contato.m */,
				2F4AF5F9218E0B4000FA94BB /* ContatosIP67 */,
				2F4AF5F8218E0B4000FA94BB /* Products */,
				2F4AF613218E23C600FA94BB /* ContatosIP67-Bridging-Header.h */,
			);
			sourceTree = "<group>";
		};
		2F4AF5F8218E0B4000FA94BB /* Products */ = {
			isa = PBXGroup;
			children = (
				2F4AF5F7218E0B4000FA94BB /* ContatosIP67.app */,
			);
			name = Products;
			sourceTree = "<group>";
		};
		2F4AF5F9218E0B4000FA94BB /* ContatosIP67 */ = {
			isa = PBXGroup;
			children = (
				2F4AF5FA218E0B4000FA94BB /* AppDelegate.swift */,
				2F4AF60F218E184300FA94BB /* FormularioContatoViewController.swift */,
				2F4AF5FE218E0B4000FA94BB /* Main.storyboard */,
				2F4AF604218E0B4000FA94BB /* Assets.xcassets */,
				2F4AF606218E0B4000FA94BB /* LaunchScreen.storyboard */,
				2F4AF609218E0B4000FA94BB /* Info.plist */,
				2F4AF601218E0B4000FA94BB /* ContatosIP67.xcdatamodeld */,
				D23F081721A0394100DF9D9F /* ListaContatosViewController.swift */,
				D23F085321A0868700DF9D9F /* FormularioContatoViewControllerDelegate.swift */,
			);
			path = ContatosIP67;
			sourceTree = "<group>";
		};
/* End PBXGroup section */

/* Begin PBXNativeTarget section */
		2F4AF5F6218E0B4000FA94BB /* ContatosIP67 */ = {
			isa = PBXNativeTarget;
			buildConfigurationList = 2F4AF60C218E0B4000FA94BB /* Build configuration list for PBXNativeTarget "ContatosIP67" */;
			buildPhases = (
				2F4AF5F3218E0B4000FA94BB /* Sources */,
				2F4AF5F4218E0B4000FA94BB /* Frameworks */,
				2F4AF5F5218E0B4000FA94BB /* Resources */,
			);
			buildRules = (
			);
			dependencies = (
			);
			name = ContatosIP67;
			productName = ContatosIP67;
			productReference = 2F4AF5F7218E0B4000FA94BB /* ContatosIP67.app */;
			productType = "com.apple.product-type.application";
		};
/* End PBXNativeTarget section */

/* Begin PBXProject section */
		2F4AF5EF218E0B4000FA94BB /* Project object */ = {
			isa = PBXProject;
			attributes = {
				LastSwiftUpdateCheck = 0800;
				LastUpgradeCheck = 0800;
				ORGANIZATIONNAME = Caelum;
				TargetAttributes = {
					2F4AF5F6218E0B4000FA94BB = {
						CreatedOnToolsVersion = 8.0;
						LastSwiftMigration = 0800;
						ProvisioningStyle = Automatic;
					};
				};
			};
			buildConfigurationList = 2F4AF5F2218E0B4000FA94BB /* Build configuration list for PBXProject "ContatosIP67" */;
			compatibilityVersion = "Xcode 3.2";
			developmentRegion = English;
			hasScannedForEncodings = 0;
			knownRegions = (
				en,
				Base,
			);
			mainGroup = 2F4AF5EE218E0B4000FA94BB;
			productRefGroup = 2F4AF5F8218E0B4000FA94BB /* Products */;
			projectDirPath = "";
			projectRoot = "";
			targets = (
				2F4AF5F6218E0B4000FA94BB /* ContatosIP67 */,
			);
		};
/* End PBXProject section */

/* Begin PBXResourcesBuildPhase section */
		2F4AF5F5218E0B4000FA94BB /* Resources */ = {
			isa = PBXResourcesBuildPhase;
			buildActionMask = 2147483647;
			files = (
				2F4AF608218E0B4000FA94BB /* LaunchScreen.storyboard in Resources */,
				2F4AF605218E0B4000FA94BB /* Assets.xcassets in Resources */,
				2F4AF600218E0B4000FA94BB /* Main.storyboard in Resources */,
			);
			runOnlyForDeploymentPostprocessing = 0;
		};
/* End PBXResourcesBuildPhase section */

/* Begin PBXSourcesBuildPhase section */
		2F4AF5F3218E0B4000FA94BB /* Sources */ = {
			isa = PBXSourcesBuildPhase;
			buildActionMask = 2147483647;
			files = (
				2F4AF616218E23C600FA94BB /* Contato.m in Sources */,
				2F4AF603218E0B4000FA94BB /* ContatosIP67.xcdatamodeld in Sources */,
				D23F085421A0868700DF9D9F /* FormularioContatoViewControllerDelegate.swift in Sources */,
				2F4AF61B218E2D1200FA94BB /* ContatoDAO.swift in Sources */,
				D23F081821A0394100DF9D9F /* ListaContatosViewController.swift in Sources */,
				2F4AF610218E184300FA94BB /* FormularioContatoViewController.swift in Sources */,
				2F4AF5FB218E0B4000FA94BB /* AppDelegate.swift in Sources */,
			);
			runOnlyForDeploymentPostprocessing = 0;
		};
/* End PBXSourcesBuildPhase section */

/* Begin PBXVariantGroup section */
		2F4AF5FE218E0B4000FA94BB /* Main.storyboard */ = {
			isa = PBXVariantGroup;
			children = (
				2F4AF5FF218E0B4000FA94BB /* Base */,
			);
			name = Main.storyboard;
			sourceTree = "<group>";
		};
		2F4AF606218E0B4000FA94BB /* LaunchScreen.storyboard */ = {
			isa = PBXVariantGroup;
			children = (
				2F4AF607218E0B4000FA94BB /* Base */,
			);
			name = LaunchScreen.storyboard;
			sourceTree = "<group>";
		};
/* End PBXVariantGroup section */

/* Begin XCBuildConfiguration section */
		2F4AF60A218E0B4000FA94BB /* Debug */ = {
			isa = XCBuildConfiguration;
			buildSettings = {
				ALWAYS_SEARCH_USER_PATHS = NO;
				CLANG_ANALYZER_NONNULL = YES;
				CLANG_CXX_LANGUAGE_STANDARD = "gnu++0x";
				CLANG_CXX_LIBRARY = "libc++";
				CLANG_ENABLE_MODULES = YES;
				CLANG_ENABLE_OBJC_ARC = YES;
				CLANG_WARN_BOOL_CONVERSION = YES;
				CLANG_WARN_CONSTANT_CONVERSION = YES;
				CLANG_WARN_DIRECT_OBJC_ISA_USAGE = YES_ERROR;
				CLANG_WARN_DOCUMENTATION_COMMENTS = YES;
				CLANG_WARN_EMPTY_BODY = YES;
				CLANG_WARN_ENUM_CONVERSION = YES;
				CLANG_WARN_INFINITE_RECURSION = YES;
				CLANG_WARN_INT_CONVERSION = YES;
				CLANG_WARN_OBJC_ROOT_CLASS = YES_ERROR;
				CLANG_WARN_SUSPICIOUS_MOVES = YES;
				CLANG_WARN_UNREACHABLE_CODE = YES;
				CLANG_WARN__DUPLICATE_METHOD_MATCH = YES;
				"CODE_SIGN_IDENTITY[sdk=iphoneos*]" = "iPhone Developer";
				COPY_PHASE_STRIP = NO;
				DEBUG_INFORMATION_FORMAT = dwarf;
				ENABLE_STRICT_OBJC_MSGSEND = YES;
				ENABLE_TESTABILITY = YES;
				GCC_C_LANGUAGE_STANDARD = gnu99;
				GCC_DYNAMIC_NO_PIC = NO;
				GCC_NO_COMMON_BLOCKS = YES;
				GCC_OPTIMIZATION_LEVEL = 0;
				GCC_PREPROCESSOR_DEFINITIONS = (
					"DEBUG=1",
					"$(inherited)",
				);
				GCC_WARN_64_TO_32_BIT_CONVERSION = YES;
				GCC_WARN_ABOUT_RETURN_TYPE = YES_ERROR;
				GCC_WARN_UNDECLARED_SELECTOR = YES;
				GCC_WARN_UNINITIALIZED_AUTOS = YES_AGGRESSIVE;
				GCC_WARN_UNUSED_FUNCTION = YES;
				GCC_WARN_UNUSED_VARIABLE = YES;
				IPHONEOS_DEPLOYMENT_TARGET = 10.0;
				MTL_ENABLE_DEBUG_INFO = YES;
				ONLY_ACTIVE_ARCH = YES;
				SDKROOT = iphoneos;
				SWIFT_ACTIVE_COMPILATION_CONDITIONS = DEBUG;
				SWIFT_OPTIMIZATION_LEVEL = "-Onone";
			};
			name = Debug;
		};
		2F4AF60B218E0B4000FA94BB /* Release */ = {
			isa = XCBuildConfiguration;
			buildSettings = {
				ALWAYS_SEARCH_USER_PATHS = NO;
				CLANG_ANALYZER_NONNULL = YES;
				CLANG_CXX_LANGUAGE_STANDARD = "gnu++0x";
				CLANG_CXX_LIBRARY = "libc++";
				CLANG_ENABLE_MODULES = YES;
				CLANG_ENABLE_OBJC_ARC = YES;
				CLANG_WARN_BOOL_CONVERSION = YES;
				CLANG_WARN_CONSTANT_CONVERSION = YES;
				CLANG_WARN_DIRECT_OBJC_ISA_USAGE = YES_ERROR;
				CLANG_WARN_DOCUMENTATION_COMMENTS = YES;
				CLANG_WARN_EMPTY_BODY = YES;
				CLANG_WARN_ENUM_CONVERSION = YES;
				CLANG_WARN_INFINITE_RECURSION = YES;
				CLANG_WARN_INT_CONVERSION = YES;
				CLANG_WARN_OBJC_ROOT_CLASS = YES_ERROR;
				CLANG_WARN_SUSPICIOUS_MOVES = YES;
				CLANG_WARN_UNREACHABLE_CODE = YES;
				CLANG_WARN__DUPLICATE_METHOD_MATCH = YES;
				"CODE_SIGN_IDENTITY[sdk=iphoneos*]" = "iPhone Developer";
				COPY_PHASE_STRIP = NO;
				DEBUG_INFORMATION_FORMAT = "dwarf-with-dsym";
				ENABLE_NS_ASSERTIONS = NO;
				ENABLE_STRICT_OBJC_MSGSEND = YES;
				GCC_C_LANGUAGE_STANDARD = gnu99;
				GCC_NO_COMMON_BLOCKS = YES;
				GCC_WARN_64_TO_32_BIT_CONVERSION = YES;
				GCC_WARN_ABOUT_RETURN_TYPE = YES_ERROR;
				GCC_WARN_UNDECLARED_SELECTOR = YES;
				GCC_WARN_UNINITIALIZED_AUTOS = YES_AGGRESSIVE;
				GCC_WARN_UNUSED_FUNCTION = YES;
				GCC_WARN_UNUSED_VARIABLE = YES;
				IPHONEOS_DEPLOYMENT_TARGET = 10.0;
				MTL_ENABLE_DEBUG_INFO = NO;
				SDKROOT = iphoneos;
				SWIFT_OPTIMIZATION_LEVEL = "-Owholemodule";
				VALIDATE_PRODUCT = YES;
			};
			name = Release;
		};
		2F4AF60D218E0B4000FA94BB /* Debug */ = {
			isa = XCBuildConfiguration;
			buildSettings = {
				ASSETCATALOG_COMPILER_APPICON_NAME = AppIcon;
				CLANG_ENABLE_MODULES = YES;
				INFOPLIST_FILE = ContatosIP67/Info.plist;
				LD_RUNPATH_SEARCH_PATHS = "$(inherited) @executable_path/Frameworks";
				PRODUCT_BUNDLE_IDENTIFIER = br.com.caelum.ContatosIP67;
				PRODUCT_NAME = "$(TARGET_NAME)";
				SWIFT_OBJC_BRIDGING_HEADER = "ContatosIP67-Bridging-Header.h";
				SWIFT_OPTIMIZATION_LEVEL = "-Onone";
				SWIFT_VERSION = 3.0;
			};
			name = Debug;
		};
		2F4AF60E218E0B4000FA94BB /* Release */ = {
			isa = XCBuildConfiguration;
			buildSettings = {
				ASSETCATALOG_COMPILER_APPICON_NAME = AppIcon;
				CLANG_ENABLE_MODULES = YES;
				INFOPLIST_FILE = ContatosIP67/Info.plist;
				LD_RUNPATH_SEARCH_PATHS = "$(inherited) @executable_path/Frameworks";
				PRODUCT_BUNDLE_IDENTIFIER = br.com.caelum.ContatosIP67;
				PRODUCT_NAME = "$(TARGET_NAME)";
				SWIFT_OBJC_BRIDGING_HEADER = "ContatosIP67-Bridging-Header.h";
				SWIFT_VERSION = 3.0;
			};
			name = Release;
		};
/* End XCBuildConfiguration section */

/* Begin XCConfigurationList section */
		2F4AF5F2218E0B4000FA94BB /* Build configuration list for PBXProject "ContatosIP67" */ = {
			isa = XCConfigurationList;
			buildConfigurations = (
				2F4AF60A218E0B4000FA94BB /* Debug */,
				2F4AF60B218E0B4000FA94BB /* Release */,
			);
			defaultConfigurationIsVisible = 0;
			defaultConfigurationName = Release;
		};
		2F4AF60C218E0B4000FA94BB /* Build configuration list for PBXNativeTarget "ContatosIP67" */ = {
			isa = XCConfigurationList;
			buildConfigurations = (
				2F4AF60D218E0B4000FA94BB /* Debug */,
				2F4AF60E218E0B4000FA94BB /* Release */,
			);
			defaultConfigurationIsVisible = 0;
			defaultConfigurationName = Release;
		};
/* End XCConfigurationList section */

/* Begin XCVersionGroup section */
		2F4AF601218E0B4000FA94BB /* ContatosIP67.xcdatamodeld */ = {
			isa = XCVersionGroup;
			children = (
				2F4AF602218E0B4000FA94BB /* ContatosIP67.xcdatamodel */,
			);
			currentVersion = 2F4AF602218E0B4000FA94BB /* ContatosIP67.xcdatamodel */;
			path = ContatosIP67.xcdatamodeld;
			sourceTree = "<group>";
			versionGroupType = wrapper.xcdatamodel;
		};
/* End XCVersionGroup section */
	};
	rootObject = 2F4AF5EF218E0B4000FA94BB /* Project object */;
}
